
Microsoft Visual Studio Solution File, Format Version 12.00
# Visual Studio 15
VisualStudioVersion = 15.0.28307.1525
MinimumVisualStudioVersion = 10.0.40219.1
Project("{FAE04EC0-301F-11D3-BF4B-00C04F79EFBC}") = "Projekt_Notatnik", "Projekt_Notatnik\Projekt_Notatnik.csproj", "{A415244C-7EFC-498D-B1DC-650C489F9560}"
EndProject
Global
	GlobalSection(SolutionConfigurationPlatforms) = preSolution
		Debug|Any CPU = Debug|Any CPU
		Release|Any CPU = Release|Any CPU
	EndGlobalSection
	GlobalSection(ProjectConfigurationPlatforms) = postSolution
		{A415244C-7EFC-498D-B1DC-650C489F9560}.Debug|Any CPU.ActiveCfg = Debug|Any CPU
		{A415244C-7EFC-498D-B1DC-650C489F9560}.Debug|Any CPU.Build.0 = Debug|Any CPU
		{A415244C-7EFC-498D-B1DC-650C489F9560}.Release|Any CPU.ActiveCfg = Release|Any CPU
		{A415244C-7EFC-498D-B1DC-650C489F9560}.Release|Any CPU.Build.0 = Release|Any CPU
	EndGlobalSection
	GlobalSection(SolutionProperties) = preSolution
		HideSolutionNode = FALSE
	EndGlobalSection
	GlobalSection(ExtensibilityGlobals) = postSolution
		SolutionGuid = {A00522B0-BD6C-4B36-BCA2-83FD9EB71A54}
	EndGlobalSection
EndGlobal
